
Microsoft Visual Studio Solution File, Format Version 12.00
# Visual Studio Version 17
VisualStudioVersion = 17.7.34221.43
MinimumVisualStudioVersion = 10.0.40219.1
Project("{9A19103F-16F7-4668-BE54-9A1E7A4F7556}") = "EdgyElegance.Persistence.Tests", "EdgyElegance.Persistence.Tests\EdgyElegance.Persistence.Tests.csproj", "{3B677C84-4C09-4380-86AF-EE0E324842A5}"
EndProject
Project("{9A19103F-16F7-4668-BE54-9A1E7A4F7556}") = "EdgyElegance.Persistence", "EdgyElegance.Persistence\EdgyElegance.Persistence.csproj", "{9DA656D9-AF93-43AF-BB02-E6CAEBA83502}"
EndProject
Project("{9A19103F-16F7-4668-BE54-9A1E7A4F7556}") = "EdgyElegance.Identity", "EdgyElegance.Identity\EdgyElegance.Identity.csproj", "{AB550729-641A-422C-81E2-42D76A9B8E9D}"
EndProject
Project("{9A19103F-16F7-4668-BE54-9A1E7A4F7556}") = "EdgyElegance.Application", "EdgyElegance.Application\EdgyElegance.Application.csproj", "{E79E1376-E055-4D17-93AF-6FCFE1B8E096}"
EndProject
Project("{9A19103F-16F7-4668-BE54-9A1E7A4F7556}") = "EdgyElegance.Api", "EdgyElegance.Api\EdgyElegance.Api.csproj", "{2159E44E-B29B-4C5C-BF42-EBF54A611B19}"
EndProject
Project("{9A19103F-16F7-4668-BE54-9A1E7A4F7556}") = "EdgyElegance.Domain", "EdgyElegance.Domain\EdgyElegance.Domain.csproj", "{89FB5960-C116-475F-940A-703A04DBEEE3}"
EndProject
Project("{9A19103F-16F7-4668-BE54-9A1E7A4F7556}") = "EdgyElegance.Application.Tests", "EdgyElegance.Application.Tests\EdgyElegance.Application.Tests.csproj", "{0D99A598-29BC-4EA5-93DD-22303802B56C}"
EndProject
Project("{FAE04EC0-301F-11D3-BF4B-00C04F79EFBC}") = "EdgyElegance.Infrastructure", "EdgyElegance.Infrastructure\EdgyElegance.Infrastructure.csproj", "{FC38D754-B657-4B9B-A1D9-F56A9AE3EB80}"
EndProject
Global
	GlobalSection(SolutionConfigurationPlatforms) = preSolution
		Debug|Any CPU = Debug|Any CPU
		Release|Any CPU = Release|Any CPU
	EndGlobalSection
	GlobalSection(ProjectConfigurationPlatforms) = postSolution
		{3B677C84-4C09-4380-86AF-EE0E324842A5}.Debug|Any CPU.ActiveCfg = Debug|Any CPU
		{3B677C84-4C09-4380-86AF-EE0E324842A5}.Debug|Any CPU.Build.0 = Debug|Any CPU
		{3B677C84-4C09-4380-86AF-EE0E324842A5}.Release|Any CPU.ActiveCfg = Release|Any CPU
		{3B677C84-4C09-4380-86AF-EE0E324842A5}.Release|Any CPU.Build.0 = Release|Any CPU
		{9DA656D9-AF93-43AF-BB02-E6CAEBA83502}.Debug|Any CPU.ActiveCfg = Debug|Any CPU
		{9DA656D9-AF93-43AF-BB02-E6CAEBA83502}.Debug|Any CPU.Build.0 = Debug|Any CPU
		{9DA656D9-AF93-43AF-BB02-E6CAEBA83502}.Release|Any CPU.ActiveCfg = Release|Any CPU
		{9DA656D9-AF93-43AF-BB02-E6CAEBA83502}.Release|Any CPU.Build.0 = Release|Any CPU
		{AB550729-641A-422C-81E2-42D76A9B8E9D}.Debug|Any CPU.ActiveCfg = Debug|Any CPU
		{AB550729-641A-422C-81E2-42D76A9B8E9D}.Debug|Any CPU.Build.0 = Debug|Any CPU
		{AB550729-641A-422C-81E2-42D76A9B8E9D}.Release|Any CPU.ActiveCfg = Release|Any CPU
		{AB550729-641A-422C-81E2-42D76A9B8E9D}.Release|Any CPU.Build.0 = Release|Any CPU
		{E79E1376-E055-4D17-93AF-6FCFE1B8E096}.Debug|Any CPU.ActiveCfg = Debug|Any CPU
		{E79E1376-E055-4D17-93AF-6FCFE1B8E096}.Debug|Any CPU.Build.0 = Debug|Any CPU
		{E79E1376-E055-4D17-93AF-6FCFE1B8E096}.Release|Any CPU.ActiveCfg = Release|Any CPU
		{E79E1376-E055-4D17-93AF-6FCFE1B8E096}.Release|Any CPU.Build.0 = Release|Any CPU
		{2159E44E-B29B-4C5C-BF42-EBF54A611B19}.Debug|Any CPU.ActiveCfg = Debug|Any CPU
		{2159E44E-B29B-4C5C-BF42-EBF54A611B19}.Debug|Any CPU.Build.0 = Debug|Any CPU
		{2159E44E-B29B-4C5C-BF42-EBF54A611B19}.Release|Any CPU.ActiveCfg = Release|Any CPU
		{2159E44E-B29B-4C5C-BF42-EBF54A611B19}.Release|Any CPU.Build.0 = Release|Any CPU
		{89FB5960-C116-475F-940A-703A04DBEEE3}.Debug|Any CPU.ActiveCfg = Debug|Any CPU
		{89FB5960-C116-475F-940A-703A04DBEEE3}.Debug|Any CPU.Build.0 = Debug|Any CPU
		{89FB5960-C116-475F-940A-703A04DBEEE3}.Release|Any CPU.ActiveCfg = Release|Any CPU
		{89FB5960-C116-475F-940A-703A04DBEEE3}.Release|Any CPU.Build.0 = Release|Any CPU
		{0D99A598-29BC-4EA5-93DD-22303802B56C}.Debug|Any CPU.ActiveCfg = Debug|Any CPU
		{0D99A598-29BC-4EA5-93DD-22303802B56C}.Debug|Any CPU.Build.0 = Debug|Any CPU
		{0D99A598-29BC-4EA5-93DD-22303802B56C}.Release|Any CPU.ActiveCfg = Release|Any CPU
		{0D99A598-29BC-4EA5-93DD-22303802B56C}.Release|Any CPU.Build.0 = Release|Any CPU
		{FC38D754-B657-4B9B-A1D9-F56A9AE3EB80}.Debug|Any CPU.ActiveCfg = Debug|Any CPU
		{FC38D754-B657-4B9B-A1D9-F56A9AE3EB80}.Debug|Any CPU.Build.0 = Debug|Any CPU
		{FC38D754-B657-4B9B-A1D9-F56A9AE3EB80}.Release|Any CPU.ActiveCfg = Release|Any CPU
		{FC38D754-B657-4B9B-A1D9-F56A9AE3EB80}.Release|Any CPU.Build.0 = Release|Any CPU
	EndGlobalSection
	GlobalSection(SolutionProperties) = preSolution
		HideSolutionNode = FALSE
	EndGlobalSection
	GlobalSection(ExtensibilityGlobals) = postSolution
		SolutionGuid = {764A2878-AFD5-4643-918E-DD6012EE3FC3}
	EndGlobalSection
EndGlobal
